// !$*UTF8*$!
{
	archiveVersion = 1;
	classes = {
	};
	objectVersion = 56;
	objects = {

/* Begin PBXBuildFile section */
		11184F182A80F090004AC804 /* LinkmaApp.swift in Sources */ = {isa = PBXBuildFile; fileRef = 11184F172A80F090004AC804 /* LinkmaApp.swift */; };
		11184F1A2A80F090004AC804 /* ContentView.swift in Sources */ = {isa = PBXBuildFile; fileRef = 11184F192A80F090004AC804 /* ContentView.swift */; };
		11184F1C2A80F092004AC804 /* Assets.xcassets in Resources */ = {isa = PBXBuildFile; fileRef = 11184F1B2A80F092004AC804 /* Assets.xcassets */; };
		11184F1F2A80F092004AC804 /* Preview Assets.xcassets in Resources */ = {isa = PBXBuildFile; fileRef = 11184F1E2A80F092004AC804 /* Preview Assets.xcassets */; };
		11184F2A2A80F092004AC804 /* LinkmaTests.swift in Sources */ = {isa = PBXBuildFile; fileRef = 11184F292A80F092004AC804 /* LinkmaTests.swift */; };
		11184F342A80F092004AC804 /* LinkmaUITests.swift in Sources */ = {isa = PBXBuildFile; fileRef = 11184F332A80F092004AC804 /* LinkmaUITests.swift */; };
		11184F362A80F092004AC804 /* LinkmaUITestsLaunchTests.swift in Sources */ = {isa = PBXBuildFile; fileRef = 11184F352A80F092004AC804 /* LinkmaUITestsLaunchTests.swift */; };
/* End PBXBuildFile section */

/* Begin PBXContainerItemProxy section */
		11184F262A80F092004AC804 /* PBXContainerItemProxy */ = {
			isa = PBXContainerItemProxy;
			containerPortal = 11184F0C2A80F090004AC804 /* Project object */;
			proxyType = 1;
			remoteGlobalIDString = 11184F132A80F090004AC804;
			remoteInfo = Linkma;
		};
		11184F302A80F092004AC804 /* PBXContainerItemProxy */ = {
			isa = PBXContainerItemProxy;
			containerPortal = 11184F0C2A80F090004AC804 /* Project object */;
			proxyType = 1;
			remoteGlobalIDString = 11184F132A80F090004AC804;
			remoteInfo = Linkma;
		};
/* End PBXContainerItemProxy section */

/* Begin PBXFileReference section */
		11184F142A80F090004AC804 /* Linkma.app */ = {isa = PBXFileReference; explicitFileType = wrapper.application; includeInIndex = 0; path = Linkma.app; sourceTree = BUILT_PRODUCTS_DIR; };
		11184F172A80F090004AC804 /* LinkmaApp.swift */ = {isa = PBXFileReference; lastKnownFileType = sourcecode.swift; path = LinkmaApp.swift; sourceTree = "<group>"; };
		11184F192A80F090004AC804 /* ContentView.swift */ = {isa = PBXFileReference; lastKnownFileType = sourcecode.swift; path = ContentView.swift; sourceTree = "<group>"; };
		11184F1B2A80F092004AC804 /* Assets.xcassets */ = {isa = PBXFileReference; lastKnownFileType = folder.assetcatalog; path = Assets.xcassets; sourceTree = "<group>"; };
		11184F1E2A80F092004AC804 /* Preview Assets.xcassets */ = {isa = PBXFileReference; lastKnownFileType = folder.assetcatalog; path = "Preview Assets.xcassets"; sourceTree = "<group>"; };
		11184F202A80F092004AC804 /* Linkma.entitlements */ = {isa = PBXFileReference; lastKnownFileType = text.plist.entitlements; path = Linkma.entitlements; sourceTree = "<group>"; };
		11184F252A80F092004AC804 /* LinkmaTests.xctest */ = {isa = PBXFileReference; explicitFileType = wrapper.cfbundle; includeInIndex = 0; path = LinkmaTests.xctest; sourceTree = BUILT_PRODUCTS_DIR; };
		11184F292A80F092004AC804 /* LinkmaTests.swift */ = {isa = PBXFileReference; lastKnownFileType = sourcecode.swift; path = LinkmaTests.swift; sourceTree = "<group>"; };
		11184F2F2A80F092004AC804 /* LinkmaUITests.xctest */ = {isa = PBXFileReference; explicitFileType = wrapper.cfbundle; includeInIndex = 0; path = LinkmaUITests.xctest; sourceTree = BUILT_PRODUCTS_DIR; };
		11184F332A80F092004AC804 /* LinkmaUITests.swift */ = {isa = PBXFileReference; lastKnownFileType = sourcecode.swift; path = LinkmaUITests.swift; sourceTree = "<group>"; };
		11184F352A80F092004AC804 /* LinkmaUITestsLaunchTests.swift */ = {isa = PBXFileReference; lastKnownFileType = sourcecode.swift; path = LinkmaUITestsLaunchTests.swift; sourceTree = "<group>"; };
/* End PBXFileReference section */

/* Begin PBXFrameworksBuildPhase section */
		11184F112A80F090004AC804 /* Frameworks */ = {
			isa = PBXFrameworksBuildPhase;
			buildActionMask = 2147483647;
			files = (
			);
			runOnlyForDeploymentPostprocessing = 0;
		};
		11184F222A80F092004AC804 /* Frameworks */ = {
			isa = PBXFrameworksBuildPhase;
			buildActionMask = 2147483647;
			files = (
			);
			runOnlyForDeploymentPostprocessing = 0;
		};
		11184F2C2A80F092004AC804 /* Frameworks */ = {
			isa = PBXFrameworksBuildPhase;
			buildActionMask = 2147483647;
			files = (
			);
			runOnlyForDeploymentPostprocessing = 0;
		};
/* End PBXFrameworksBuildPhase section */

/* Begin PBXGroup section */
		11184F0B2A80F090004AC804 = {
			isa = PBXGroup;
			children = (
				11184F162A80F090004AC804 /* Linkma */,
				11184F282A80F092004AC804 /* LinkmaTests */,
				11184F322A80F092004AC804 /* LinkmaUITests */,
				11184F152A80F090004AC804 /* Products */,
			);
			sourceTree = "<group>";
		};
		11184F152A80F090004AC804 /* Products */ = {
			isa = PBXGroup;
			children = (
				11184F142A80F090004AC804 /* Linkma.app */,
				11184F252A80F092004AC804 /* LinkmaTests.xctest */,
				11184F2F2A80F092004AC804 /* LinkmaUITests.xctest */,
			);
			name = Products;
			sourceTree = "<group>";
		};
		11184F162A80F090004AC804 /* Linkma */ = {
			isa = PBXGroup;
			children = (
				11184F172A80F090004AC804 /* LinkmaApp.swift */,
				11184F192A80F090004AC804 /* ContentView.swift */,
				11184F1B2A80F092004AC804 /* Assets.xcassets */,
				11184F202A80F092004AC804 /* Linkma.entitlements */,
				11184F1D2A80F092004AC804 /* Preview Content */,
			);
			path = Linkma;
			sourceTree = "<group>";
		};
		11184F1D2A80F092004AC804 /* Preview Content */ = {
			isa = PBXGroup;
			children = (
				11184F1E2A80F092004AC804 /* Preview Assets.xcassets */,
			);
			path = "Preview Content";
			sourceTree = "<group>";
		};
		11184F282A80F092004AC804 /* LinkmaTests */ = {
			isa = PBXGroup;
			children = (
				11184F292A80F092004AC804 /* LinkmaTests.swift */,
			);
			path = LinkmaTests;
			sourceTree = "<group>";
		};
		11184F322A80F092004AC804 /* LinkmaUITests */ = {
			isa = PBXGroup;
			children = (
				11184F332A80F092004AC804 /* LinkmaUITests.swift */,
				11184F352A80F092004AC804 /* LinkmaUITestsLaunchTests.swift */,
			);
			path = LinkmaUITests;
			sourceTree = "<group>";
		};
/* End PBXGroup section */

/* Begin PBXNativeTarget section */
		11184F132A80F090004AC804 /* Linkma */ = {
			isa = PBXNativeTarget;
			buildConfigurationList = 11184F392A80F092004AC804 /* Build configuration list for PBXNativeTarget "Linkma" */;
			buildPhases = (
				11184F102A80F090004AC804 /* Sources */,
				11184F112A80F090004AC804 /* Frameworks */,
				11184F122A80F090004AC804 /* Resources */,
			);
			buildRules = (
			);
			dependencies = (
			);
			name = Linkma;
			productName = Linkma;
			productReference = 11184F142A80F090004AC804 /* Linkma.app */;
			productType = "com.apple.product-type.application";
		};
		11184F242A80F092004AC804 /* LinkmaTests */ = {
			isa = PBXNativeTarget;
			buildConfigurationList = 11184F3C2A80F092004AC804 /* Build configuration list for PBXNativeTarget "LinkmaTests" */;
			buildPhases = (
				11184F212A80F092004AC804 /* Sources */,
				11184F222A80F092004AC804 /* Frameworks */,
				11184F232A80F092004AC804 /* Resources */,
			);
			buildRules = (
			);
			dependencies = (
				11184F272A80F092004AC804 /* PBXTargetDependency */,
			);
			name = LinkmaTests;
			productName = LinkmaTests;
			productReference = 11184F252A80F092004AC804 /* LinkmaTests.xctest */;
			productType = "com.apple.product-type.bundle.unit-test";
		};
		11184F2E2A80F092004AC804 /* LinkmaUITests */ = {
			isa = PBXNativeTarget;
			buildConfigurationList = 11184F3F2A80F092004AC804 /* Build configuration list for PBXNativeTarget "LinkmaUITests" */;
			buildPhases = (
				11184F2B2A80F092004AC804 /* Sources */,
				11184F2C2A80F092004AC804 /* Frameworks */,
				11184F2D2A80F092004AC804 /* Resources */,
			);
			buildRules = (
			);
			dependencies = (
				11184F312A80F092004AC804 /* PBXTargetDependency */,
			);
			name = LinkmaUITests;
			productName = LinkmaUITests;
			productReference = 11184F2F2A80F092004AC804 /* LinkmaUITests.xctest */;
			productType = "com.apple.product-type.bundle.ui-testing";
		};
/* End PBXNativeTarget section */

/* Begin PBXProject section */
		11184F0C2A80F090004AC804 /* Project object */ = {
			isa = PBXProject;
			attributes = {
				BuildIndependentTargetsInParallel = 1;
				LastSwiftUpdateCheck = 1500;
				LastUpgradeCheck = 1500;
				TargetAttributes = {
					11184F132A80F090004AC804 = {
						CreatedOnToolsVersion = 15.0;
					};
					11184F242A80F092004AC804 = {
						CreatedOnToolsVersion = 15.0;
						TestTargetID = 11184F132A80F090004AC804;
					};
					11184F2E2A80F092004AC804 = {
						CreatedOnToolsVersion = 15.0;
						TestTargetID = 11184F132A80F090004AC804;
					};
				};
			};
			buildConfigurationList = 11184F0F2A80F090004AC804 /* Build configuration list for PBXProject "Linkma" */;
			compatibilityVersion = "Xcode 14.0";
			developmentRegion = en;
			hasScannedForEncodings = 0;
			knownRegions = (
				en,
				Base,
			);
			mainGroup = 11184F0B2A80F090004AC804;
			productRefGroup = 11184F152A80F090004AC804 /* Products */;
			projectDirPath = "";
			projectRoot = "";
			targets = (
				11184F132A80F090004AC804 /* Linkma */,
				11184F242A80F092004AC804 /* LinkmaTests */,
				11184F2E2A80F092004AC804 /* LinkmaUITests */,
			);
		};
/* End PBXProject section */

/* Begin PBXResourcesBuildPhase section */
		11184F122A80F090004AC804 /* Resources */ = {
			isa = PBXResourcesBuildPhase;
			buildActionMask = 2147483647;
			files = (
				11184F1F2A80F092004AC804 /* Preview Assets.xcassets in Resources */,
				11184F1C2A80F092004AC804 /* Assets.xcassets in Resources */,
			);
			runOnlyForDeploymentPostprocessing = 0;
		};
		11184F232A80F092004AC804 /* Resources */ = {
			isa = PBXResourcesBuildPhase;
			buildActionMask = 2147483647;
			files = (
			);
			runOnlyForDeploymentPostprocessing = 0;
		};
		11184F2D2A80F092004AC804 /* Resources */ = {
			isa = PBXResourcesBuildPhase;
			buildActionMask = 2147483647;
			files = (
			);
			runOnlyForDeploymentPostprocessing = 0;
		};
/* End PBXResourcesBuildPhase section */

/* Begin PBXSourcesBuildPhase section */
		11184F102A80F090004AC804 /* Sources */ = {
			isa = PBXSourcesBuildPhase;
			buildActionMask = 2147483647;
			files = (
				11184F1A2A80F090004AC804 /* ContentView.swift in Sources */,
				11184F182A80F090004AC804 /* LinkmaApp.swift in Sources */,
			);
			runOnlyForDeploymentPostprocessing = 0;
		};
		11184F212A80F092004AC804 /* Sources */ = {
			isa = PBXSourcesBuildPhase;
			buildActionMask = 2147483647;
			files = (
				11184F2A2A80F092004AC804 /* LinkmaTests.swift in Sources */,
			);
			runOnlyForDeploymentPostprocessing = 0;
		};
		11184F2B2A80F092004AC804 /* Sources */ = {
			isa = PBXSourcesBuildPhase;
			buildActionMask = 2147483647;
			files = (
				11184F362A80F092004AC804 /* LinkmaUITestsLaunchTests.swift in Sources */,
				11184F342A80F092004AC804 /* LinkmaUITests.swift in Sources */,
			);
			runOnlyForDeploymentPostprocessing = 0;
		};
/* End PBXSourcesBuildPhase section */

/* Begin PBXTargetDependency section */
		11184F272A80F092004AC804 /* PBXTargetDependency */ = {
			isa = PBXTargetDependency;
			target = 11184F132A80F090004AC804 /* Linkma */;
			targetProxy = 11184F262A80F092004AC804 /* PBXContainerItemProxy */;
		};
		11184F312A80F092004AC804 /* PBXTargetDependency */ = {
			isa = PBXTargetDependency;
			target = 11184F132A80F090004AC804 /* Linkma */;
			targetProxy = 11184F302A80F092004AC804 /* PBXContainerItemProxy */;
		};
/* End PBXTargetDependency section */

/* Begin XCBuildConfiguration section */
		11184F372A80F092004AC804 /* Debug */ = {
			isa = XCBuildConfiguration;
			buildSettings = {
				ALWAYS_SEARCH_USER_PATHS = NO;
				ASSETCATALOG_COMPILER_GENERATE_SWIFT_ASSET_SYMBOL_EXTENSIONS = YES;
				CLANG_ANALYZER_NONNULL = YES;
				CLANG_ANALYZER_NUMBER_OBJECT_CONVERSION = YES_AGGRESSIVE;
				CLANG_CXX_LANGUAGE_STANDARD = "gnu++20";
				CLANG_ENABLE_MODULES = YES;
				CLANG_ENABLE_OBJC_ARC = YES;
				CLANG_ENABLE_OBJC_WEAK = YES;
				CLANG_WARN_BLOCK_CAPTURE_AUTORELEASING = YES;
				CLANG_WARN_BOOL_CONVERSION = YES;
				CLANG_WARN_COMMA = YES;
				CLANG_WARN_CONSTANT_CONVERSION = YES;
				CLANG_WARN_DEPRECATED_OBJC_IMPLEMENTATIONS = YES;
				CLANG_WARN_DIRECT_OBJC_ISA_USAGE = YES_ERROR;
				CLANG_WARN_DOCUMENTATION_COMMENTS = YES;
				CLANG_WARN_EMPTY_BODY = YES;
				CLANG_WARN_ENUM_CONVERSION = YES;
				CLANG_WARN_INFINITE_RECURSION = YES;
				CLANG_WARN_INT_CONVERSION = YES;
				CLANG_WARN_NON_LITERAL_NULL_CONVERSION = YES;
				CLANG_WARN_OBJC_IMPLICIT_RETAIN_SELF = YES;
				CLANG_WARN_OBJC_LITERAL_CONVERSION = YES;
				CLANG_WARN_OBJC_ROOT_CLASS = YES_ERROR;
				CLANG_WARN_QUOTED_INCLUDE_IN_FRAMEWORK_HEADER = YES;
				CLANG_WARN_RANGE_LOOP_ANALYSIS = YES;
				CLANG_WARN_STRICT_PROTOTYPES = YES;
				CLANG_WARN_SUSPICIOUS_MOVE = YES;
				CLANG_WARN_UNGUARDED_AVAILABILITY = YES_AGGRESSIVE;
				CLANG_WARN_UNREACHABLE_CODE = YES;
				CLANG_WARN__DUPLICATE_METHOD_MATCH = YES;
				COPY_PHASE_STRIP = NO;
				DEBUG_INFORMATION_FORMAT = dwarf;
				ENABLE_STRICT_OBJC_MSGSEND = YES;
				ENABLE_TESTABILITY = YES;
				ENABLE_USER_SCRIPT_SANDBOXING = YES;
				GCC_C_LANGUAGE_STANDARD = gnu17;
				GCC_DYNAMIC_NO_PIC = NO;
				GCC_NO_COMMON_BLOCKS = YES;
				GCC_OPTIMIZATION_LEVEL = 0;
				GCC_PREPROCESSOR_DEFINITIONS = (
					"DEBUG=1",
					"$(inherited)",
				);
				GCC_WARN_64_TO_32_BIT_CONVERSION = YES;
				GCC_WARN_ABOUT_RETURN_TYPE = YES_ERROR;
				GCC_WARN_UNDECLARED_SELECTOR = YES;
				GCC_WARN_UNINITIALIZED_AUTOS = YES_AGGRESSIVE;
				GCC_WARN_UNUSED_FUNCTION = YES;
				GCC_WARN_UNUSED_VARIABLE = YES;
				LOCALIZATION_PREFERS_STRING_CATALOGS = YES;
				MACOSX_DEPLOYMENT_TARGET = 13.4;
				MTL_ENABLE_DEBUG_INFO = INCLUDE_SOURCE;
				MTL_FAST_MATH = YES;
				ONLY_ACTIVE_ARCH = YES;
				SDKROOT = macosx;
				SWIFT_ACTIVE_COMPILATION_CONDITIONS = "DEBUG $(inherited)";
				SWIFT_OPTIMIZATION_LEVEL = "-Onone";
			};
			name = Debug;
		};
		11184F382A80F092004AC804 /* Release */ = {
			isa = XCBuildConfiguration;
			buildSettings = {
				ALWAYS_SEARCH_USER_PATHS = NO;
				ASSETCATALOG_COMPILER_GENERATE_SWIFT_ASSET_SYMBOL_EXTENSIONS = YES;
				CLANG_ANALYZER_NONNULL = YES;
				CLANG_ANALYZER_NUMBER_OBJECT_CONVERSION = YES_AGGRESSIVE;
				CLANG_CXX_LANGUAGE_STANDARD = "gnu++20";
				CLANG_ENABLE_MODULES = YES;
				CLANG_ENABLE_OBJC_ARC = YES;
				CLANG_ENABLE_OBJC_WEAK = YES;
				CLANG_WARN_BLOCK_CAPTURE_AUTORELEASING = YES;
				CLANG_WARN_BOOL_CONVERSION = YES;
				CLANG_WARN_COMMA = YES;
				CLANG_WARN_CONSTANT_CONVERSION = YES;
				CLANG_WARN_DEPRECATED_OBJC_IMPLEMENTATIONS = YES;
				CLANG_WARN_DIRECT_OBJC_ISA_USAGE = YES_ERROR;
				CLANG_WARN_DOCUMENTATION_COMMENTS = YES;
				CLANG_WARN_EMPTY_BODY = YES;
				CLANG_WARN_ENUM_CONVERSION = YES;
				CLANG_WARN_INFINITE_RECURSION = YES;
				CLANG_WARN_INT_CONVERSION = YES;
				CLANG_WARN_NON_LITERAL_NULL_CONVERSION = YES;
				CLANG_WARN_OBJC_IMPLICIT_RETAIN_SELF = YES;
				CLANG_WARN_OBJC_LITERAL_CONVERSION = YES;
				CLANG_WARN_OBJC_ROOT_CLASS = YES_ERROR;
				CLANG_WARN_QUOTED_INCLUDE_IN_FRAMEWORK_HEADER = YES;
				CLANG_WARN_RANGE_LOOP_ANALYSIS = YES;
				CLANG_WARN_STRICT_PROTOTYPES = YES;
				CLANG_WARN_SUSPICIOUS_MOVE = YES;
				CLANG_WARN_UNGUARDED_AVAILABILITY = YES_AGGRESSIVE;
				CLANG_WARN_UNREACHABLE_CODE = YES;
				CLANG_WARN__DUPLICATE_METHOD_MATCH = YES;
				COPY_PHASE_STRIP = NO;
				DEBUG_INFORMATION_FORMAT = "dwarf-with-dsym";
				ENABLE_NS_ASSERTIONS = NO;
				ENABLE_STRICT_OBJC_MSGSEND = YES;
				ENABLE_USER_SCRIPT_SANDBOXING = YES;
				GCC_C_LANGUAGE_STANDARD = gnu17;
				GCC_NO_COMMON_BLOCKS = YES;
				GCC_WARN_64_TO_32_BIT_CONVERSION = YES;
				GCC_WARN_ABOUT_RETURN_TYPE = YES_ERROR;
				GCC_WARN_UNDECLARED_SELECTOR = YES;
				GCC_WARN_UNINITIALIZED_AUTOS = YES_AGGRESSIVE;
				GCC_WARN_UNUSED_FUNCTION = YES;
				GCC_WARN_UNUSED_VARIABLE = YES;
				LOCALIZATION_PREFERS_STRING_CATALOGS = YES;
				MACOSX_DEPLOYMENT_TARGET = 13.4;
				MTL_ENABLE_DEBUG_INFO = NO;
				MTL_FAST_MATH = YES;
				SDKROOT = macosx;
				SWIFT_COMPILATION_MODE = wholemodule;
			};
			name = Release;
		};
		11184F3A2A80F092004AC804 /* Debug */ = {
			isa = XCBuildConfiguration;
			buildSettings = {
				ASSETCATALOG_COMPILER_APPICON_NAME = AppIcon;
				ASSETCATALOG_COMPILER_GLOBAL_ACCENT_COLOR_NAME = AccentColor;
				CODE_SIGN_ENTITLEMENTS = Linkma/Linkma.entitlements;
				CODE_SIGN_STYLE = Automatic;
				COMBINE_HIDPI_IMAGES = YES;
				CURRENT_PROJECT_VERSION = 1;
				DEVELOPMENT_ASSET_PATHS = "\"Linkma/Preview Content\"";
				DEVELOPMENT_TEAM = 8WDHWQ3DB9;
				ENABLE_HARDENED_RUNTIME = YES;
				ENABLE_PREVIEWS = YES;
				GENERATE_INFOPLIST_FILE = YES;
				INFOPLIST_KEY_NSHumanReadableCopyright = "";
				LD_RUNPATH_SEARCH_PATHS = (
					"$(inherited)",
					"@executable_path/../Frameworks",
				);
				MARKETING_VERSION = 1.0;
				PRODUCT_BUNDLE_IDENTIFIER = se.forefront.Linkma;
				PRODUCT_NAME = "$(TARGET_NAME)";
				SWIFT_EMIT_LOC_STRINGS = YES;
				SWIFT_VERSION = 5.0;
			};
			name = Debug;
		};
		11184F3B2A80F092004AC804 /* Release */ = {
			isa = XCBuildConfiguration;
			buildSettings = {
				ASSETCATALOG_COMPILER_APPICON_NAME = AppIcon;
				ASSETCATALOG_COMPILER_GLOBAL_ACCENT_COLOR_NAME = AccentColor;
				CODE_SIGN_ENTITLEMENTS = Linkma/Linkma.entitlements;
				CODE_SIGN_STYLE = Automatic;
				COMBINE_HIDPI_IMAGES = YES;
				CURRENT_PROJECT_VERSION = 1;
				DEVELOPMENT_ASSET_PATHS = "\"Linkma/Preview Content\"";
				DEVELOPMENT_TEAM = 8WDHWQ3DB9;
				ENABLE_HARDENED_RUNTIME = YES;
				ENABLE_PREVIEWS = YES;
				GENERATE_INFOPLIST_FILE = YES;
				INFOPLIST_KEY_NSHumanReadableCopyright = "";
				LD_RUNPATH_SEARCH_PATHS = (
					"$(inherited)",
					"@executable_path/../Frameworks",
				);
				MARKETING_VERSION = 1.0;
				PRODUCT_BUNDLE_IDENTIFIER = se.forefront.Linkma;
				PRODUCT_NAME = "$(TARGET_NAME)";
				SWIFT_EMIT_LOC_STRINGS = YES;
				SWIFT_VERSION = 5.0;
			};
			name = Release;
		};
		11184F3D2A80F092004AC804 /* Debug */ = {
			isa = XCBuildConfiguration;
			buildSettings = {
				ALWAYS_EMBED_SWIFT_STANDARD_LIBRARIES = YES;
				BUNDLE_LOADER = "$(TEST_HOST)";
				CODE_SIGN_STYLE = Automatic;
				CURRENT_PROJECT_VERSION = 1;
				DEVELOPMENT_TEAM = 8WDHWQ3DB9;
				GENERATE_INFOPLIST_FILE = YES;
				MACOSX_DEPLOYMENT_TARGET = 13.4;
				MARKETING_VERSION = 1.0;
				PRODUCT_BUNDLE_IDENTIFIER = se.forefront.LinkmaTests;
				PRODUCT_NAME = "$(TARGET_NAME)";
				SWIFT_EMIT_LOC_STRINGS = NO;
				SWIFT_VERSION = 5.0;
				TEST_HOST = "$(BUILT_PRODUCTS_DIR)/Linkma.app/$(BUNDLE_EXECUTABLE_FOLDER_PATH)/Linkma";
			};
			name = Debug;
		};
		11184F3E2A80F092004AC804 /* Release */ = {
			isa = XCBuildConfiguration;
			buildSettings = {
				ALWAYS_EMBED_SWIFT_STANDARD_LIBRARIES = YES;
				BUNDLE_LOADER = "$(TEST_HOST)";
				CODE_SIGN_STYLE = Automatic;
				CURRENT_PROJECT_VERSION = 1;
				DEVELOPMENT_TEAM = 8WDHWQ3DB9;
				GENERATE_INFOPLIST_FILE = YES;
				MACOSX_DEPLOYMENT_TARGET = 13.4;
				MARKETING_VERSION = 1.0;
				PRODUCT_BUNDLE_IDENTIFIER = se.forefront.LinkmaTests;
				PRODUCT_NAME = "$(TARGET_NAME)";
				SWIFT_EMIT_LOC_STRINGS = NO;
				SWIFT_VERSION = 5.0;
				TEST_HOST = "$(BUILT_PRODUCTS_DIR)/Linkma.app/$(BUNDLE_EXECUTABLE_FOLDER_PATH)/Linkma";
			};
			name = Release;
		};
		11184F402A80F092004AC804 /* Debug */ = {
			isa = XCBuildConfiguration;
			buildSettings = {
				ALWAYS_EMBED_SWIFT_STANDARD_LIBRARIES = YES;
				CODE_SIGN_STYLE = Automatic;
				CURRENT_PROJECT_VERSION = 1;
				DEVELOPMENT_TEAM = 8WDHWQ3DB9;
				GENERATE_INFOPLIST_FILE = YES;
				MARKETING_VERSION = 1.0;
				PRODUCT_BUNDLE_IDENTIFIER = se.forefront.LinkmaUITests;
				PRODUCT_NAME = "$(TARGET_NAME)";
				SWIFT_EMIT_LOC_STRINGS = NO;
				SWIFT_VERSION = 5.0;
				TEST_TARGET_NAME = Linkma;
			};
			name = Debug;
		};
		11184F412A80F092004AC804 /* Release */ = {
			isa = XCBuildConfiguration;
			buildSettings = {
				ALWAYS_EMBED_SWIFT_STANDARD_LIBRARIES = YES;
				CODE_SIGN_STYLE = Automatic;
				CURRENT_PROJECT_VERSION = 1;
				DEVELOPMENT_TEAM = 8WDHWQ3DB9;
				GENERATE_INFOPLIST_FILE = YES;
				MARKETING_VERSION = 1.0;
				PRODUCT_BUNDLE_IDENTIFIER = se.forefront.LinkmaUITests;
				PRODUCT_NAME = "$(TARGET_NAME)";
				SWIFT_EMIT_LOC_STRINGS = NO;
				SWIFT_VERSION = 5.0;
				TEST_TARGET_NAME = Linkma;
			};
			name = Release;
		};
/* End XCBuildConfiguration section */

/* Begin XCConfigurationList section */
		11184F0F2A80F090004AC804 /* Build configuration list for PBXProject "Linkma" */ = {
			isa = XCConfigurationList;
			buildConfigurations = (
				11184F372A80F092004AC804 /* Debug */,
				11184F382A80F092004AC804 /* Release */,
			);
			defaultConfigurationIsVisible = 0;
			defaultConfigurationName = Release;
		};
		11184F392A80F092004AC804 /* Build configuration list for PBXNativeTarget "Linkma" */ = {
			isa = XCConfigurationList;
			buildConfigurations = (
				11184F3A2A80F092004AC804 /* Debug */,
				11184F3B2A80F092004AC804 /* Release */,
			);
			defaultConfigurationIsVisible = 0;
			defaultConfigurationName = Release;
		};
		11184F3C2A80F092004AC804 /* Build configuration list for PBXNativeTarget "LinkmaTests" */ = {
			isa = XCConfigurationList;
			buildConfigurations = (
				11184F3D2A80F092004AC804 /* Debug */,
				11184F3E2A80F092004AC804 /* Release */,
			);
			defaultConfigurationIsVisible = 0;
			defaultConfigurationName = Release;
		};
		11184F3F2A80F092004AC804 /* Build configuration list for PBXNativeTarget "LinkmaUITests" */ = {
			isa = XCConfigurationList;
			buildConfigurations = (
				11184F402A80F092004AC804 /* Debug */,
				11184F412A80F092004AC804 /* Release */,
			);
			defaultConfigurationIsVisible = 0;
			defaultConfigurationName = Release;
		};
/* End XCConfigurationList section */
	};
	rootObject = 11184F0C2A80F090004AC804 /* Project object */;
}
